
Microsoft Visual Studio Solution File, Format Version 12.00
# Visual Studio 2013
Project("{FAE04EC0-301F-11D3-BF4B-00C04F79EFBC}") = "UnityVS.TestGame.CSharp.Plugins", "UnityVS.TestGame.CSharp.Plugins.csproj", "{D79A70E3-E913-6209-7EDE-C14C7DA47B2E}"
EndProject
Project("{FAE04EC0-301F-11D3-BF4B-00C04F79EFBC}") = "UnityVS.TestGame.CSharp", "UnityVS.TestGame.CSharp.csproj", "{1771BD9D-AB3A-B890-10FC-A94AC6D0131F}"
EndProject
Project("{FAE04EC0-301F-11D3-BF4B-00C04F79EFBC}") = "UnityVS.TestGame.CSharp.Editor", "UnityVS.TestGame.CSharp.Editor.csproj", "{EC6BEAD0-2E3A-D6F5-F09B-3D4BDCF9DB24}"
EndProject
Global
	GlobalSection(SolutionConfigurationPlatforms) = preSolution
		Debug|Any CPU = Debug|Any CPU
		Release|Any CPU = Release|Any CPU
	EndGlobalSection
	GlobalSection(ProjectConfigurationPlatforms) = postSolution
		{D79A70E3-E913-6209-7EDE-C14C7DA47B2E}.Debug|Any CPU.ActiveCfg = Debug|Any CPU
		{D79A70E3-E913-6209-7EDE-C14C7DA47B2E}.Debug|Any CPU.Build.0 = Debug|Any CPU
		{D79A70E3-E913-6209-7EDE-C14C7DA47B2E}.Release|Any CPU.ActiveCfg = Release|Any CPU
		{D79A70E3-E913-6209-7EDE-C14C7DA47B2E}.Release|Any CPU.Build.0 = Release|Any CPU
		{1771BD9D-AB3A-B890-10FC-A94AC6D0131F}.Debug|Any CPU.ActiveCfg = Debug|Any CPU
		{1771BD9D-AB3A-B890-10FC-A94AC6D0131F}.Debug|Any CPU.Build.0 = Debug|Any CPU
		{1771BD9D-AB3A-B890-10FC-A94AC6D0131F}.Release|Any CPU.ActiveCfg = Release|Any CPU
		{1771BD9D-AB3A-B890-10FC-A94AC6D0131F}.Release|Any CPU.Build.0 = Release|Any CPU
		{EC6BEAD0-2E3A-D6F5-F09B-3D4BDCF9DB24}.Debug|Any CPU.ActiveCfg = Debug|Any CPU
		{EC6BEAD0-2E3A-D6F5-F09B-3D4BDCF9DB24}.Debug|Any CPU.Build.0 = Debug|Any CPU
		{EC6BEAD0-2E3A-D6F5-F09B-3D4BDCF9DB24}.Release|Any CPU.ActiveCfg = Release|Any CPU
		{EC6BEAD0-2E3A-D6F5-F09B-3D4BDCF9DB24}.Release|Any CPU.Build.0 = Release|Any CPU
	EndGlobalSection
	GlobalSection(SolutionProperties) = preSolution
		HideSolutionNode = FALSE
	EndGlobalSection
EndGlobal
